{
    "_meta": {
        "hash": {
            "sha256": "ca4564db2aaa5231cee2744f13230033e279f3ad331695b3b15c1d071025cde1"
        },
        "pipfile-spec": 6,
        "requires": {
            "python_version": "3.7"
        },
        "sources": [
            {
                "name": "pypi",
                "url": "https://pypi.org/simple",
                "verify_ssl": true
            }
        ]
    },
    "default": {
        "args": {
            "hashes": [
                "sha256:a785b8d837625e9b61c39108532d95b85274acd679693b71ebb5156848fcf814"
            ],
            "version": "==0.1.0"
        },
        "arrow": {
            "hashes": [
                "sha256:a15ecfddf334316e3ac8695e48c15d1be0d6038603b33043930dcf0e675c86ee"
            ],
            "index": "pypi",
            "version": "==0.12.0"
        },
        "boto3": {
            "hashes": [
                "sha256:6ec3bc48ce7164cdeccf9325252f09ec73a64dc317cc8b0f51a97cbf61d03ce0",
                "sha256:f1d5870a0ca4bcacaea02ca338e7761777340a56b09d2fe3c03194b84ce0cb57"
            ],
            "index": "pypi",
            "version": "==1.5.14"
        },
        "botocore": {
            "hashes": [
                "sha256:02d360797944f091fb5341a2a51810aa6f44f8b40ac66951c876555e410e5f06",
                "sha256:adf58e6824c433b9a46aad9409f22a18a19c74f7f10ccdfff104bc201359e638"
            ],
            "index": "pypi",
            "version": "==1.8.28"
        },
        "click": {
            "hashes": [
                "sha256:2335065e6395b9e67ca716de5f7526736bfa6ceead690adf616d925bdc622b13",
                "sha256:5b94b49521f6456670fdb30cd82a4eca9412788a93fa6dd6df72c94d5a8ff2d7"
            ],
            "index": "pypi",
            "version": "==7.0"
        },
        "clint": {
            "hashes": [
                "sha256:05224c32b1075563d0b16d0015faaf9da43aa214e4a2140e51f08789e7a4c5aa"
            ],
            "index": "pypi",
            "version": "==0.5.1"
        },
        "cloudfront-edge-codes": {
            "hashes": [
                "sha256:374040c4f3357ef748162bb748d01034b8a7dd316dec8fa5ec62fb6727221883"
            ],
            "version": "==0.1.4"
        },
        "cloudfront-log-parser": {
            "hashes": [
                "sha256:38b6c387e32ab1e033d848aec5e123e347aeb9f8cdb3e23c6579dfa7b9dfa285"
            ],
            "index": "pypi",
            "version": "==0.3.0"
        },
        "docutils": {
            "hashes": [
                "sha256:f33ddb723332c6d6b6d99731ee1fc0c35eb4044a2df5cca1c64c8aa78eaf22cb"
            ],
            "version": "==0.15.1.post1"
        },
        "jmespath": {
            "hashes": [
                "sha256:3720a4b1bd659dd2eecad0666459b9788813e032b83e7ba58578e48254e0a0e6",
                "sha256:bde2aef6f44302dfb30320115b17d030798de8c4110e28d5cf6cf91a7a31074c"
            ],
            "version": "==0.9.4"
        },
        "python-dateutil": {
            "hashes": [
                "sha256:7e6584c74aeed623791615e26efd690f29817a27c73085b78e4bad02493df2fb",
                "sha256:c89805f6f4d64db21ed966fda138f8a5ed7a4fdbc1a8ee329ce1b74e3c74da9e"
            ],
            "version": "==2.8.0"
        },
        "s3transfer": {
            "hashes": [
                "sha256:90dc18e028989c609146e241ea153250be451e05ecc0c2832565231dacdf59c1",
                "sha256:c7a9ec356982d5e9ab2d4b46391a7d6a950e2b04c472419f5fdec70cc0ada72f"
            ],
            "version": "==0.1.13"
        },
        "six": {
            "hashes": [
                "sha256:3350809f0555b11f552448330d0b52d5f24c91a322ea4a15ef22629740f3761c",
                "sha256:d16a0141ec1a18405cd4ce8b4613101da75da0e9a7aec5bdd4fa804d0e0eba73"
            ],
            "version": "==1.12.0"
        },
        "ua-parser": {
            "hashes": [
                "sha256:3908c19ea0abdcdfe7245366dc03e5b4a8901ec17105bd66ba2ccbe3948dce8a",
                "sha256:97bbcfc9321a3151d96bb5d62e54270247b0e3be0590a6f2ff12329851718dcb"
            ],
            "version": "==0.8.0"
        },
        "user-agents": {
            "hashes": [
                "sha256:0ce5b1b44c8d11b9f3d6152ef9c8a2109409273ef8de600d577f549a3a3cbc6c",
                "sha256:643d16772280052b546d956971d719989ef6dc9b17d9ff0386aa21391a038039"
            ],
            "version": "==1.1.0"
        }
    },
    "develop": {
        "pudb": {
            "hashes": [
                "sha256:ac30cfc64580958ab7265decb4cabb9141f08781ff072e9a336d5a7942ce35a6"
            ],
            "index": "pypi",
            "version": "==2019.1"
        },
        "pygments": {
            "hashes": [
                "sha256:71e430bc85c88a430f000ac1d9b331d2407f681d6f6aec95e8bcfbc3df5b0127",
                "sha256:881c4c157e45f30af185c1ffe8d549d48ac9127433f2c380c24b84572ad66297"
            ],
            "version": "==2.4.2"
        },
        "urwid": {
            "hashes": [
                "sha256:644d3e3900867161a2fc9287a9762753d66bd194754679adb26aede559bcccbc"
            ],
            "version": "==2.0.1"
        }
    }
}
